// !$*UTF8*$!
{
	archiveVersion = 1;
	classes = {
	};
	objectVersion = 46;
	objects = {

/* Begin PBXBuildFile section */
		6032E5901D7802B70020B873 /* ProfileBlock.m in Sources */ = {isa = PBXBuildFile; fileRef = 6032E58F1D7802B70020B873 /* ProfileBlock.m */; };
		603474B71D704D1400349FE2 /* image3.jpg in Resources */ = {isa = PBXBuildFile; fileRef = 603474B61D704D1400349FE2 /* image3.jpg */; };
		603474B91D704D2100349FE2 /* image2.jpg in Resources */ = {isa = PBXBuildFile; fileRef = 603474B81D704D2100349FE2 /* image2.jpg */; };
		603798CD1D6D6A58004ABA58 /* image1.jpg in Resources */ = {isa = PBXBuildFile; fileRef = 603798CC1D6D6A58004ABA58 /* image1.jpg */; };
		603798D11D6D7C71004ABA58 /* squirtle.png in Resources */ = {isa = PBXBuildFile; fileRef = 603798D01D6D7C71004ABA58 /* squirtle.png */; };
		603798D31D6D97C7004ABA58 /* airbnblogo.jpg in Resources */ = {isa = PBXBuildFile; fileRef = 603798D21D6D97C7004ABA58 /* airbnblogo.jpg */; };
		603798D51D6D97DF004ABA58 /* heart.png in Resources */ = {isa = PBXBuildFile; fileRef = 603798D41D6D97DF004ABA58 /* heart.png */; };
		603798D71D6D97EB004ABA58 /* mail.jpg in Resources */ = {isa = PBXBuildFile; fileRef = 603798D61D6D97EB004ABA58 /* mail.jpg */; };
		603798D91D6D97F1004ABA58 /* briefcase.jpg in Resources */ = {isa = PBXBuildFile; fileRef = 603798D81D6D97F1004ABA58 /* briefcase.jpg */; };
		603798DB1D6D97FA004ABA58 /* profile.png in Resources */ = {isa = PBXBuildFile; fileRef = 603798DA1D6D97FA004ABA58 /* profile.png */; };
		604C93061D6EC33100624AC3 /* bulbasaur.png in Resources */ = {isa = PBXBuildFile; fileRef = 604C93051D6EC33100624AC3 /* bulbasaur.png */; };
		604C930A1D6EC48600624AC3 /* chespin.png in Resources */ = {isa = PBXBuildFile; fileRef = 604C93091D6EC48600624AC3 /* chespin.png */; };
		604C930C1D6EC52B00624AC3 /* magmar.png in Resources */ = {isa = PBXBuildFile; fileRef = 604C930B1D6EC52B00624AC3 /* magmar.png */; };
		604C930E1D6EC71400624AC3 /* image4.jpg in Resources */ = {isa = PBXBuildFile; fileRef = 604C930D1D6EC71400624AC3 /* image4.jpg */; };
		604C93101D6EC82C00624AC3 /* vanillite.png in Resources */ = {isa = PBXBuildFile; fileRef = 604C930F1D6EC82C00624AC3 /* vanillite.png */; };
		604C93121D6EC8D200624AC3 /* image5.jpg in Resources */ = {isa = PBXBuildFile; fileRef = 604C93111D6EC8D200624AC3 /* image5.jpg */; };
		604C93141D6EC98500624AC3 /* butterfree.png in Resources */ = {isa = PBXBuildFile; fileRef = 604C93131D6EC98500624AC3 /* butterfree.png */; };
		6059E3191D6C40B7000405C4 /* main.m in Sources */ = {isa = PBXBuildFile; fileRef = 6059E3181D6C40B7000405C4 /* main.m */; };
		6059E31C1D6C40B7000405C4 /* AppDelegate.m in Sources */ = {isa = PBXBuildFile; fileRef = 6059E31B1D6C40B7000405C4 /* AppDelegate.m */; };
		6059E3251D6C40B7000405C4 /* CodedUI.xcdatamodeld in Sources */ = {isa = PBXBuildFile; fileRef = 6059E3231D6C40B7000405C4 /* CodedUI.xcdatamodeld */; };
		6059E3271D6C40B7000405C4 /* Assets.xcassets in Resources */ = {isa = PBXBuildFile; fileRef = 6059E3261D6C40B7000405C4 /* Assets.xcassets */; };
		6059E3351D6C40B7000405C4 /* CodedUITests.m in Sources */ = {isa = PBXBuildFile; fileRef = 6059E3341D6C40B7000405C4 /* CodedUITests.m */; };
		6059E3401D6C40B7000405C4 /* CodedUIUITests.m in Sources */ = {isa = PBXBuildFile; fileRef = 6059E33F1D6C40B7000405C4 /* CodedUIUITests.m */; };
		6059E34E1D6C43FD000405C4 /* Default-568h@2x.png in Resources */ = {isa = PBXBuildFile; fileRef = 6059E34D1D6C43FD000405C4 /* Default-568h@2x.png */; };
		6059E3551D6C464A000405C4 /* BaseView.m in Sources */ = {isa = PBXBuildFile; fileRef = 6059E3541D6C464A000405C4 /* BaseView.m */; };
		6059E3601D6C5572000405C4 /* BaseViewController.m in Sources */ = {isa = PBXBuildFile; fileRef = 6059E35F1D6C5572000405C4 /* BaseViewController.m */; };
		6068D1621D76822300DA15E6 /* HomeView.m in Sources */ = {isa = PBXBuildFile; fileRef = 6068D15F1D76822300DA15E6 /* HomeView.m */; };
		6068D1631D76822300DA15E6 /* HomeViewController.m in Sources */ = {isa = PBXBuildFile; fileRef = 6068D1611D76822300DA15E6 /* HomeViewController.m */; };
		6068D1671D7682D300DA15E6 /* ProfileView.m in Sources */ = {isa = PBXBuildFile; fileRef = 6068D1661D7682D300DA15E6 /* ProfileView.m */; };
		6068D16C1D7686AA00DA15E6 /* ProfileViewController.m in Sources */ = {isa = PBXBuildFile; fileRef = 6068D16B1D7686AA00DA15E6 /* ProfileViewController.m */; };
		6068D16F1D76947900DA15E6 /* BotMenu.m in Sources */ = {isa = PBXBuildFile; fileRef = 6068D16E1D76947900DA15E6 /* BotMenu.m */; };
		6068D1751D76F21500DA15E6 /* search.png in Resources */ = {isa = PBXBuildFile; fileRef = 6068D1741D76F21500DA15E6 /* search.png */; };
/* End PBXBuildFile section */

/* Begin PBXContainerItemProxy section */
		6059E3311D6C40B7000405C4 /* PBXContainerItemProxy */ = {
			isa = PBXContainerItemProxy;
			containerPortal = 6059E30C1D6C40B7000405C4 /* Project object */;
			proxyType = 1;
			remoteGlobalIDString = 6059E3131D6C40B7000405C4;
			remoteInfo = CodedUI;
		};
		6059E33C1D6C40B7000405C4 /* PBXContainerItemProxy */ = {
			isa = PBXContainerItemProxy;
			containerPortal = 6059E30C1D6C40B7000405C4 /* Project object */;
			proxyType = 1;
			remoteGlobalIDString = 6059E3131D6C40B7000405C4;
			remoteInfo = CodedUI;
		};
/* End PBXContainerItemProxy section */

/* Begin PBXFileReference section */
		6032E58E1D7802B70020B873 /* ProfileBlock.h */ = {isa = PBXFileReference; fileEncoding = 4; lastKnownFileType = sourcecode.c.h; path = ProfileBlock.h; sourceTree = "<group>"; };
		6032E58F1D7802B70020B873 /* ProfileBlock.m */ = {isa = PBXFileReference; fileEncoding = 4; lastKnownFileType = sourcecode.c.objc; path = ProfileBlock.m; sourceTree = "<group>"; };
		603474B61D704D1400349FE2 /* image3.jpg */ = {isa = PBXFileReference; lastKnownFileType = image.jpeg; path = image3.jpg; sourceTree = "<group>"; };
		603474B81D704D2100349FE2 /* image2.jpg */ = {isa = PBXFileReference; lastKnownFileType = image.jpeg; path = image2.jpg; sourceTree = "<group>"; };
		603798CC1D6D6A58004ABA58 /* image1.jpg */ = {isa = PBXFileReference; lastKnownFileType = image.jpeg; path = image1.jpg; sourceTree = "<group>"; };
		603798D01D6D7C71004ABA58 /* squirtle.png */ = {isa = PBXFileReference; lastKnownFileType = image.png; path = squirtle.png; sourceTree = "<group>"; };
		603798D21D6D97C7004ABA58 /* airbnblogo.jpg */ = {isa = PBXFileReference; lastKnownFileType = image.jpeg; path = airbnblogo.jpg; sourceTree = "<group>"; };
		603798D41D6D97DF004ABA58 /* heart.png */ = {isa = PBXFileReference; lastKnownFileType = image.png; path = heart.png; sourceTree = "<group>"; };
		603798D61D6D97EB004ABA58 /* mail.jpg */ = {isa = PBXFileReference; lastKnownFileType = image.jpeg; path = mail.jpg; sourceTree = "<group>"; };
		603798D81D6D97F1004ABA58 /* briefcase.jpg */ = {isa = PBXFileReference; lastKnownFileType = image.jpeg; path = briefcase.jpg; sourceTree = "<group>"; };
		603798DA1D6D97FA004ABA58 /* profile.png */ = {isa = PBXFileReference; lastKnownFileType = image.png; path = profile.png; sourceTree = "<group>"; };
		604C93051D6EC33100624AC3 /* bulbasaur.png */ = {isa = PBXFileReference; lastKnownFileType = image.png; path = bulbasaur.png; sourceTree = "<group>"; };
		604C93091D6EC48600624AC3 /* chespin.png */ = {isa = PBXFileReference; lastKnownFileType = image.png; path = chespin.png; sourceTree = "<group>"; };
		604C930B1D6EC52B00624AC3 /* magmar.png */ = {isa = PBXFileReference; lastKnownFileType = image.png; path = magmar.png; sourceTree = "<group>"; };
		604C930D1D6EC71400624AC3 /* image4.jpg */ = {isa = PBXFileReference; lastKnownFileType = image.jpeg; path = image4.jpg; sourceTree = "<group>"; };
		604C930F1D6EC82C00624AC3 /* vanillite.png */ = {isa = PBXFileReference; lastKnownFileType = image.png; path = vanillite.png; sourceTree = "<group>"; };
		604C93111D6EC8D200624AC3 /* image5.jpg */ = {isa = PBXFileReference; lastKnownFileType = image.jpeg; path = image5.jpg; sourceTree = "<group>"; };
		604C93131D6EC98500624AC3 /* butterfree.png */ = {isa = PBXFileReference; lastKnownFileType = image.png; path = butterfree.png; sourceTree = "<group>"; };
		6059E3141D6C40B7000405C4 /* CodedUI.app */ = {isa = PBXFileReference; explicitFileType = wrapper.application; includeInIndex = 0; path = CodedUI.app; sourceTree = BUILT_PRODUCTS_DIR; };
		6059E3181D6C40B7000405C4 /* main.m */ = {isa = PBXFileReference; lastKnownFileType = sourcecode.c.objc; path = main.m; sourceTree = "<group>"; };
		6059E31A1D6C40B7000405C4 /* AppDelegate.h */ = {isa = PBXFileReference; lastKnownFileType = sourcecode.c.h; path = AppDelegate.h; sourceTree = "<group>"; };
		6059E31B1D6C40B7000405C4 /* AppDelegate.m */ = {isa = PBXFileReference; lastKnownFileType = sourcecode.c.objc; path = AppDelegate.m; sourceTree = "<group>"; };
		6059E3241D6C40B7000405C4 /* CodedUI.xcdatamodel */ = {isa = PBXFileReference; lastKnownFileType = wrapper.xcdatamodel; path = CodedUI.xcdatamodel; sourceTree = "<group>"; };
		6059E3261D6C40B7000405C4 /* Assets.xcassets */ = {isa = PBXFileReference; lastKnownFileType = folder.assetcatalog; path = Assets.xcassets; sourceTree = "<group>"; };
		6059E32B1D6C40B7000405C4 /* Info.plist */ = {isa = PBXFileReference; lastKnownFileType = text.plist.xml; path = Info.plist; sourceTree = "<group>"; };
		6059E3301D6C40B7000405C4 /* CodedUITests.xctest */ = {isa = PBXFileReference; explicitFileType = wrapper.cfbundle; includeInIndex = 0; path = CodedUITests.xctest; sourceTree = BUILT_PRODUCTS_DIR; };
		6059E3341D6C40B7000405C4 /* CodedUITests.m */ = {isa = PBXFileReference; lastKnownFileType = sourcecode.c.objc; path = CodedUITests.m; sourceTree = "<group>"; };
		6059E3361D6C40B7000405C4 /* Info.plist */ = {isa = PBXFileReference; lastKnownFileType = text.plist.xml; path = Info.plist; sourceTree = "<group>"; };
		6059E33B1D6C40B7000405C4 /* CodedUIUITests.xctest */ = {isa = PBXFileReference; explicitFileType = wrapper.cfbundle; includeInIndex = 0; path = CodedUIUITests.xctest; sourceTree = BUILT_PRODUCTS_DIR; };
		6059E33F1D6C40B7000405C4 /* CodedUIUITests.m */ = {isa = PBXFileReference; lastKnownFileType = sourcecode.c.objc; path = CodedUIUITests.m; sourceTree = "<group>"; };
		6059E3411D6C40B7000405C4 /* Info.plist */ = {isa = PBXFileReference; lastKnownFileType = text.plist.xml; path = Info.plist; sourceTree = "<group>"; };
		6059E34D1D6C43FD000405C4 /* Default-568h@2x.png */ = {isa = PBXFileReference; lastKnownFileType = image.png; path = "Default-568h@2x.png"; sourceTree = "<group>"; };
		6059E3531D6C464A000405C4 /* BaseView.h */ = {isa = PBXFileReference; fileEncoding = 4; lastKnownFileType = sourcecode.c.h; path = BaseView.h; sourceTree = "<group>"; };
		6059E3541D6C464A000405C4 /* BaseView.m */ = {isa = PBXFileReference; fileEncoding = 4; lastKnownFileType = sourcecode.c.objc; path = BaseView.m; sourceTree = "<group>"; };
		6059E35E1D6C5572000405C4 /* BaseViewController.h */ = {isa = PBXFileReference; fileEncoding = 4; lastKnownFileType = sourcecode.c.h; path = BaseViewController.h; sourceTree = "<group>"; };
		6059E35F1D6C5572000405C4 /* BaseViewController.m */ = {isa = PBXFileReference; fileEncoding = 4; lastKnownFileType = sourcecode.c.objc; path = BaseViewController.m; sourceTree = "<group>"; };
		6068D15E1D76822300DA15E6 /* HomeView.h */ = {isa = PBXFileReference; fileEncoding = 4; lastKnownFileType = sourcecode.c.h; path = HomeView.h; sourceTree = "<group>"; };
		6068D15F1D76822300DA15E6 /* HomeView.m */ = {isa = PBXFileReference; fileEncoding = 4; lastKnownFileType = sourcecode.c.objc; path = HomeView.m; sourceTree = "<group>"; };
		6068D1601D76822300DA15E6 /* HomeViewController.h */ = {isa = PBXFileReference; fileEncoding = 4; lastKnownFileType = sourcecode.c.h; path = HomeViewController.h; sourceTree = "<group>"; };
		6068D1611D76822300DA15E6 /* HomeViewController.m */ = {isa = PBXFileReference; fileEncoding = 4; lastKnownFileType = sourcecode.c.objc; path = HomeViewController.m; sourceTree = "<group>"; };
		6068D1651D7682D300DA15E6 /* ProfileView.h */ = {isa = PBXFileReference; fileEncoding = 4; lastKnownFileType = sourcecode.c.h; name = ProfileView.h; path = ../ProfileView.h; sourceTree = "<group>"; };
		6068D1661D7682D300DA15E6 /* ProfileView.m */ = {isa = PBXFileReference; fileEncoding = 4; lastKnownFileType = sourcecode.c.objc; name = ProfileView.m; path = ../ProfileView.m; sourceTree = "<group>"; };
		6068D16A1D7686AA00DA15E6 /* ProfileViewController.h */ = {isa = PBXFileReference; fileEncoding = 4; lastKnownFileType = sourcecode.c.h; path = ProfileViewController.h; sourceTree = "<group>"; };
		6068D16B1D7686AA00DA15E6 /* ProfileViewController.m */ = {isa = PBXFileReference; fileEncoding = 4; lastKnownFileType = sourcecode.c.objc; path = ProfileViewController.m; sourceTree = "<group>"; };
		6068D16D1D76947900DA15E6 /* BotMenu.h */ = {isa = PBXFileReference; fileEncoding = 4; lastKnownFileType = sourcecode.c.h; path = BotMenu.h; sourceTree = "<group>"; };
		6068D16E1D76947900DA15E6 /* BotMenu.m */ = {isa = PBXFileReference; fileEncoding = 4; lastKnownFileType = sourcecode.c.objc; path = BotMenu.m; sourceTree = "<group>"; };
		6068D1741D76F21500DA15E6 /* search.png */ = {isa = PBXFileReference; lastKnownFileType = image.png; path = search.png; sourceTree = "<group>"; };
/* End PBXFileReference section */

/* Begin PBXFrameworksBuildPhase section */
		6059E3111D6C40B7000405C4 /* Frameworks */ = {
			isa = PBXFrameworksBuildPhase;
			buildActionMask = 2147483647;
			files = (
			);
			runOnlyForDeploymentPostprocessing = 0;
		};
		6059E32D1D6C40B7000405C4 /* Frameworks */ = {
			isa = PBXFrameworksBuildPhase;
			buildActionMask = 2147483647;
			files = (
			);
			runOnlyForDeploymentPostprocessing = 0;
		};
		6059E3381D6C40B7000405C4 /* Frameworks */ = {
			isa = PBXFrameworksBuildPhase;
			buildActionMask = 2147483647;
			files = (
			);
			runOnlyForDeploymentPostprocessing = 0;
		};
/* End PBXFrameworksBuildPhase section */

/* Begin PBXGroup section */
		6032E5911D7805CB0020B873 /* ProfileBlock */ = {
			isa = PBXGroup;
			children = (
				6032E58E1D7802B70020B873 /* ProfileBlock.h */,
				6032E58F1D7802B70020B873 /* ProfileBlock.m */,
			);
			name = ProfileBlock;
			sourceTree = "<group>";
		};
		6059E30B1D6C40B7000405C4 = {
			isa = PBXGroup;
			children = (
				603798DA1D6D97FA004ABA58 /* profile.png */,
				603798D81D6D97F1004ABA58 /* briefcase.jpg */,
				603798D61D6D97EB004ABA58 /* mail.jpg */,
				603798D41D6D97DF004ABA58 /* heart.png */,
				603798D21D6D97C7004ABA58 /* airbnblogo.jpg */,
				604C93051D6EC33100624AC3 /* bulbasaur.png */,
				604C93091D6EC48600624AC3 /* chespin.png */,
				603798D01D6D7C71004ABA58 /* squirtle.png */,
				604C930F1D6EC82C00624AC3 /* vanillite.png */,
				604C93131D6EC98500624AC3 /* butterfree.png */,
				604C930B1D6EC52B00624AC3 /* magmar.png */,
				603798CC1D6D6A58004ABA58 /* image1.jpg */,
				603474B81D704D2100349FE2 /* image2.jpg */,
				603474B61D704D1400349FE2 /* image3.jpg */,
				604C930D1D6EC71400624AC3 /* image4.jpg */,
				604C93111D6EC8D200624AC3 /* image5.jpg */,
				6059E34D1D6C43FD000405C4 /* Default-568h@2x.png */,
				6068D1741D76F21500DA15E6 /* search.png */,
				6059E3161D6C40B7000405C4 /* CodedUI */,
				6059E3331D6C40B7000405C4 /* CodedUITests */,
				6059E33E1D6C40B7000405C4 /* CodedUIUITests */,
				6059E3151D6C40B7000405C4 /* Products */,
			);
			sourceTree = "<group>";
		};
		6059E3151D6C40B7000405C4 /* Products */ = {
			isa = PBXGroup;
			children = (
				6059E3141D6C40B7000405C4 /* CodedUI.app */,
				6059E3301D6C40B7000405C4 /* CodedUITests.xctest */,
				6059E33B1D6C40B7000405C4 /* CodedUIUITests.xctest */,
			);
			name = Products;
			sourceTree = "<group>";
		};
		6059E3161D6C40B7000405C4 /* CodedUI */ = {
			isa = PBXGroup;
			children = (
				6068D16D1D76947900DA15E6 /* BotMenu.h */,
				6068D16E1D76947900DA15E6 /* BotMenu.m */,
				6068D1691D76830700DA15E6 /* AppDelegate */,
				6059E3561D6C4651000405C4 /* BaseView */,
				6068D1641D76822B00DA15E6 /* HomeView */,
				6032E5911D7805CB0020B873 /* ProfileBlock */,
				6068D1681D7682E600DA15E6 /* ProfileView */,
				6059E3261D6C40B7000405C4 /* Assets.xcassets */,
				6059E32B1D6C40B7000405C4 /* Info.plist */,
				6059E3231D6C40B7000405C4 /* CodedUI.xcdatamodeld */,
				6059E3171D6C40B7000405C4 /* Supporting Files */,
			);
			path = CodedUI;
			sourceTree = "<group>";
		};
		6059E3171D6C40B7000405C4 /* Supporting Files */ = {
			isa = PBXGroup;
			children = (
				6059E3181D6C40B7000405C4 /* main.m */,
			);
			name = "Supporting Files";
			sourceTree = "<group>";
		};
		6059E3331D6C40B7000405C4 /* CodedUITests */ = {
			isa = PBXGroup;
			children = (
				6059E3341D6C40B7000405C4 /* CodedUITests.m */,
				6059E3361D6C40B7000405C4 /* Info.plist */,
			);
			path = CodedUITests;
			sourceTree = "<group>";
		};
		6059E33E1D6C40B7000405C4 /* CodedUIUITests */ = {
			isa = PBXGroup;
			children = (
				6059E33F1D6C40B7000405C4 /* CodedUIUITests.m */,
				6059E3411D6C40B7000405C4 /* Info.plist */,
			);
			path = CodedUIUITests;
			sourceTree = "<group>";
		};
		6059E3561D6C4651000405C4 /* BaseView */ = {
			isa = PBXGroup;
			children = (
				6059E3531D6C464A000405C4 /* BaseView.h */,
				6059E3541D6C464A000405C4 /* BaseView.m */,
				6059E35E1D6C5572000405C4 /* BaseViewController.h */,
				6059E35F1D6C5572000405C4 /* BaseViewController.m */,
			);
			name = BaseView;
			path = ..;
			sourceTree = "<group>";
		};
		6068D1641D76822B00DA15E6 /* HomeView */ = {
			isa = PBXGroup;
			children = (
				6068D15E1D76822300DA15E6 /* HomeView.h */,
				6068D15F1D76822300DA15E6 /* HomeView.m */,
				6068D1601D76822300DA15E6 /* HomeViewController.h */,
				6068D1611D76822300DA15E6 /* HomeViewController.m */,
			);
			name = HomeView;
			sourceTree = "<group>";
		};
		6068D1681D7682E600DA15E6 /* ProfileView */ = {
			isa = PBXGroup;
			children = (
				6068D1651D7682D300DA15E6 /* ProfileView.h */,
				6068D1661D7682D300DA15E6 /* ProfileView.m */,
				6068D16A1D7686AA00DA15E6 /* ProfileViewController.h */,
				6068D16B1D7686AA00DA15E6 /* ProfileViewController.m */,
			);
			name = ProfileView;
			sourceTree = "<group>";
		};
		6068D1691D76830700DA15E6 /* AppDelegate */ = {
			isa = PBXGroup;
			children = (
				6059E31A1D6C40B7000405C4 /* AppDelegate.h */,
				6059E31B1D6C40B7000405C4 /* AppDelegate.m */,
			);
			name = AppDelegate;
			sourceTree = "<group>";
		};
/* End PBXGroup section */

/* Begin PBXNativeTarget section */
		6059E3131D6C40B7000405C4 /* CodedUI */ = {
			isa = PBXNativeTarget;
			buildConfigurationList = 6059E3441D6C40B7000405C4 /* Build configuration list for PBXNativeTarget "CodedUI" */;
			buildPhases = (
				6059E3101D6C40B7000405C4 /* Sources */,
				6059E3111D6C40B7000405C4 /* Frameworks */,
				6059E3121D6C40B7000405C4 /* Resources */,
			);
			buildRules = (
			);
			dependencies = (
			);
			name = CodedUI;
			productName = CodedUI;
			productReference = 6059E3141D6C40B7000405C4 /* CodedUI.app */;
			productType = "com.apple.product-type.application";
		};
		6059E32F1D6C40B7000405C4 /* CodedUITests */ = {
			isa = PBXNativeTarget;
			buildConfigurationList = 6059E3471D6C40B7000405C4 /* Build configuration list for PBXNativeTarget "CodedUITests" */;
			buildPhases = (
				6059E32C1D6C40B7000405C4 /* Sources */,
				6059E32D1D6C40B7000405C4 /* Frameworks */,
				6059E32E1D6C40B7000405C4 /* Resources */,
			);
			buildRules = (
			);
			dependencies = (
				6059E3321D6C40B7000405C4 /* PBXTargetDependency */,
			);
			name = CodedUITests;
			productName = CodedUITests;
			productReference = 6059E3301D6C40B7000405C4 /* CodedUITests.xctest */;
			productType = "com.apple.product-type.bundle.unit-test";
		};
		6059E33A1D6C40B7000405C4 /* CodedUIUITests */ = {
			isa = PBXNativeTarget;
			buildConfigurationList = 6059E34A1D6C40B7000405C4 /* Build configuration list for PBXNativeTarget "CodedUIUITests" */;
			buildPhases = (
				6059E3371D6C40B7000405C4 /* Sources */,
				6059E3381D6C40B7000405C4 /* Frameworks */,
				6059E3391D6C40B7000405C4 /* Resources */,
			);
			buildRules = (
			);
			dependencies = (
				6059E33D1D6C40B7000405C4 /* PBXTargetDependency */,
			);
			name = CodedUIUITests;
			productName = CodedUIUITests;
			productReference = 6059E33B1D6C40B7000405C4 /* CodedUIUITests.xctest */;
			productType = "com.apple.product-type.bundle.ui-testing";
		};
/* End PBXNativeTarget section */

/* Begin PBXProject section */
		6059E30C1D6C40B7000405C4 /* Project object */ = {
			isa = PBXProject;
			attributes = {
				LastUpgradeCheck = 0730;
				ORGANIZATIONNAME = LLDM;
				TargetAttributes = {
					6059E3131D6C40B7000405C4 = {
						CreatedOnToolsVersion = 7.3.1;
					};
					6059E32F1D6C40B7000405C4 = {
						CreatedOnToolsVersion = 7.3.1;
						TestTargetID = 6059E3131D6C40B7000405C4;
					};
					6059E33A1D6C40B7000405C4 = {
						CreatedOnToolsVersion = 7.3.1;
						TestTargetID = 6059E3131D6C40B7000405C4;
					};
				};
			};
			buildConfigurationList = 6059E30F1D6C40B7000405C4 /* Build configuration list for PBXProject "CodedUI" */;
			compatibilityVersion = "Xcode 3.2";
			developmentRegion = English;
			hasScannedForEncodings = 0;
			knownRegions = (
				en,
				Base,
			);
			mainGroup = 6059E30B1D6C40B7000405C4;
			productRefGroup = 6059E3151D6C40B7000405C4 /* Products */;
			projectDirPath = "";
			projectRoot = "";
			targets = (
				6059E3131D6C40B7000405C4 /* CodedUI */,
				6059E32F1D6C40B7000405C4 /* CodedUITests */,
				6059E33A1D6C40B7000405C4 /* CodedUIUITests */,
			);
		};
/* End PBXProject section */

/* Begin PBXResourcesBuildPhase section */
		6059E3121D6C40B7000405C4 /* Resources */ = {
			isa = PBXResourcesBuildPhase;
			buildActionMask = 2147483647;
			files = (
				604C930A1D6EC48600624AC3 /* chespin.png in Resources */,
				603798D31D6D97C7004ABA58 /* airbnblogo.jpg in Resources */,
				604C93061D6EC33100624AC3 /* bulbasaur.png in Resources */,
				6059E3271D6C40B7000405C4 /* Assets.xcassets in Resources */,
				603474B91D704D2100349FE2 /* image2.jpg in Resources */,
				603798D71D6D97EB004ABA58 /* mail.jpg in Resources */,
				603798DB1D6D97FA004ABA58 /* profile.png in Resources */,
				6068D1751D76F21500DA15E6 /* search.png in Resources */,
				603798D11D6D7C71004ABA58 /* squirtle.png in Resources */,
				604C93101D6EC82C00624AC3 /* vanillite.png in Resources */,
				6059E34E1D6C43FD000405C4 /* Default-568h@2x.png in Resources */,
				603474B71D704D1400349FE2 /* image3.jpg in Resources */,
				603798D91D6D97F1004ABA58 /* briefcase.jpg in Resources */,
				604C93141D6EC98500624AC3 /* butterfree.png in Resources */,
				604C930C1D6EC52B00624AC3 /* magmar.png in Resources */,
				604C930E1D6EC71400624AC3 /* image4.jpg in Resources */,
				603798D51D6D97DF004ABA58 /* heart.png in Resources */,
				604C93121D6EC8D200624AC3 /* image5.jpg in Resources */,
				603798CD1D6D6A58004ABA58 /* image1.jpg in Resources */,
			);
			runOnlyForDeploymentPostprocessing = 0;
		};
		6059E32E1D6C40B7000405C4 /* Resources */ = {
			isa = PBXResourcesBuildPhase;
			buildActionMask = 2147483647;
			files = (
			);
			runOnlyForDeploymentPostprocessing = 0;
		};
		6059E3391D6C40B7000405C4 /* Resources */ = {
			isa = PBXResourcesBuildPhase;
			buildActionMask = 2147483647;
			files = (
			);
			runOnlyForDeploymentPostprocessing = 0;
		};
/* End PBXResourcesBuildPhase section */

/* Begin PBXSourcesBuildPhase section */
		6059E3101D6C40B7000405C4 /* Sources */ = {
			isa = PBXSourcesBuildPhase;
			buildActionMask = 2147483647;
			files = (
				6059E3251D6C40B7000405C4 /* CodedUI.xcdatamodeld in Sources */,
				6068D16C1D7686AA00DA15E6 /* ProfileViewController.m in Sources */,
				6059E3601D6C5572000405C4 /* BaseViewController.m in Sources */,
				6059E31C1D6C40B7000405C4 /* AppDelegate.m in Sources */,
				6068D1621D76822300DA15E6 /* HomeView.m in Sources */,
				6068D1671D7682D300DA15E6 /* ProfileView.m in Sources */,
				6059E3191D6C40B7000405C4 /* main.m in Sources */,
				6068D1631D76822300DA15E6 /* HomeViewController.m in Sources */,
				6068D16F1D76947900DA15E6 /* BotMenu.m in Sources */,
				6059E3551D6C464A000405C4 /* BaseView.m in Sources */,
				6032E5901D7802B70020B873 /* ProfileBlock.m in Sources */,
			);
			runOnlyForDeploymentPostprocessing = 0;
		};
		6059E32C1D6C40B7000405C4 /* Sources */ = {
			isa = PBXSourcesBuildPhase;
			buildActionMask = 2147483647;
			files = (
				6059E3351D6C40B7000405C4 /* CodedUITests.m in Sources */,
			);
			runOnlyForDeploymentPostprocessing = 0;
		};
		6059E3371D6C40B7000405C4 /* Sources */ = {
			isa = PBXSourcesBuildPhase;
			buildActionMask = 2147483647;
			files = (
				6059E3401D6C40B7000405C4 /* CodedUIUITests.m in Sources */,
			);
			runOnlyForDeploymentPostprocessing = 0;
		};
/* End PBXSourcesBuildPhase section */

/* Begin PBXTargetDependency section */
		6059E3321D6C40B7000405C4 /* PBXTargetDependency */ = {
			isa = PBXTargetDependency;
			target = 6059E3131D6C40B7000405C4 /* CodedUI */;
			targetProxy = 6059E3311D6C40B7000405C4 /* PBXContainerItemProxy */;
		};
		6059E33D1D6C40B7000405C4 /* PBXTargetDependency */ = {
			isa = PBXTargetDependency;
			target = 6059E3131D6C40B7000405C4 /* CodedUI */;
			targetProxy = 6059E33C1D6C40B7000405C4 /* PBXContainerItemProxy */;
		};
/* End PBXTargetDependency section */

/* Begin XCBuildConfiguration section */
		6059E3421D6C40B7000405C4 /* Debug */ = {
			isa = XCBuildConfiguration;
			buildSettings = {
				ALWAYS_SEARCH_USER_PATHS = NO;
				CLANG_ANALYZER_NONNULL = YES;
				CLANG_CXX_LANGUAGE_STANDARD = "gnu++0x";
				CLANG_CXX_LIBRARY = "libc++";
				CLANG_ENABLE_MODULES = YES;
				CLANG_ENABLE_OBJC_ARC = YES;
				CLANG_WARN_BOOL_CONVERSION = YES;
				CLANG_WARN_CONSTANT_CONVERSION = YES;
				CLANG_WARN_DIRECT_OBJC_ISA_USAGE = YES_ERROR;
				CLANG_WARN_EMPTY_BODY = YES;
				CLANG_WARN_ENUM_CONVERSION = YES;
				CLANG_WARN_INT_CONVERSION = YES;
				CLANG_WARN_OBJC_ROOT_CLASS = YES_ERROR;
				CLANG_WARN_UNREACHABLE_CODE = YES;
				CLANG_WARN__DUPLICATE_METHOD_MATCH = YES;
				"CODE_SIGN_IDENTITY[sdk=iphoneos*]" = "iPhone Developer";
				COPY_PHASE_STRIP = NO;
				DEBUG_INFORMATION_FORMAT = dwarf;
				ENABLE_STRICT_OBJC_MSGSEND = YES;
				ENABLE_TESTABILITY = YES;
				GCC_C_LANGUAGE_STANDARD = gnu99;
				GCC_DYNAMIC_NO_PIC = NO;
				GCC_NO_COMMON_BLOCKS = YES;
				GCC_OPTIMIZATION_LEVEL = 0;
				GCC_PREPROCESSOR_DEFINITIONS = (
					"DEBUG=1",
					"$(inherited)",
				);
				GCC_WARN_64_TO_32_BIT_CONVERSION = YES;
				GCC_WARN_ABOUT_RETURN_TYPE = YES_ERROR;
				GCC_WARN_UNDECLARED_SELECTOR = YES;
				GCC_WARN_UNINITIALIZED_AUTOS = YES_AGGRESSIVE;
				GCC_WARN_UNUSED_FUNCTION = YES;
				GCC_WARN_UNUSED_VARIABLE = YES;
				IPHONEOS_DEPLOYMENT_TARGET = 9.3;
				MTL_ENABLE_DEBUG_INFO = YES;
				ONLY_ACTIVE_ARCH = YES;
				SDKROOT = iphoneos;
				TARGETED_DEVICE_FAMILY = "1,2";
			};
			name = Debug;
		};
		6059E3431D6C40B7000405C4 /* Release */ = {
			isa = XCBuildConfiguration;
			buildSettings = {
				ALWAYS_SEARCH_USER_PATHS = NO;
				CLANG_ANALYZER_NONNULL = YES;
				CLANG_CXX_LANGUAGE_STANDARD = "gnu++0x";
				CLANG_CXX_LIBRARY = "libc++";
				CLANG_ENABLE_MODULES = YES;
				CLANG_ENABLE_OBJC_ARC = YES;
				CLANG_WARN_BOOL_CONVERSION = YES;
				CLANG_WARN_CONSTANT_CONVERSION = YES;
				CLANG_WARN_DIRECT_OBJC_ISA_USAGE = YES_ERROR;
				CLANG_WARN_EMPTY_BODY = YES;
				CLANG_WARN_ENUM_CONVERSION = YES;
				CLANG_WARN_INT_CONVERSION = YES;
				CLANG_WARN_OBJC_ROOT_CLASS = YES_ERROR;
				CLANG_WARN_UNREACHABLE_CODE = YES;
				CLANG_WARN__DUPLICATE_METHOD_MATCH = YES;
				"CODE_SIGN_IDENTITY[sdk=iphoneos*]" = "iPhone Developer";
				COPY_PHASE_STRIP = NO;
				DEBUG_INFORMATION_FORMAT = "dwarf-with-dsym";
				ENABLE_NS_ASSERTIONS = NO;
				ENABLE_STRICT_OBJC_MSGSEND = YES;
				GCC_C_LANGUAGE_STANDARD = gnu99;
				GCC_NO_COMMON_BLOCKS = YES;
				GCC_WARN_64_TO_32_BIT_CONVERSION = YES;
				GCC_WARN_ABOUT_RETURN_TYPE = YES_ERROR;
				GCC_WARN_UNDECLARED_SELECTOR = YES;
				GCC_WARN_UNINITIALIZED_AUTOS = YES_AGGRESSIVE;
				GCC_WARN_UNUSED_FUNCTION = YES;
				GCC_WARN_UNUSED_VARIABLE = YES;
				IPHONEOS_DEPLOYMENT_TARGET = 9.3;
				MTL_ENABLE_DEBUG_INFO = NO;
				SDKROOT = iphoneos;
				TARGETED_DEVICE_FAMILY = "1,2";
				VALIDATE_PRODUCT = YES;
			};
			name = Release;
		};
		6059E3451D6C40B7000405C4 /* Debug */ = {
			isa = XCBuildConfiguration;
			buildSettings = {
				ASSETCATALOG_COMPILER_APPICON_NAME = AppIcon;
				INFOPLIST_FILE = CodedUI/Info.plist;
				LD_RUNPATH_SEARCH_PATHS = "$(inherited) @executable_path/Frameworks";
				PRODUCT_BUNDLE_IDENTIFIER = com.launchlabs.CodedUI;
				PRODUCT_NAME = "$(TARGET_NAME)";
			};
			name = Debug;
		};
		6059E3461D6C40B7000405C4 /* Release */ = {
			isa = XCBuildConfiguration;
			buildSettings = {
				ASSETCATALOG_COMPILER_APPICON_NAME = AppIcon;
				INFOPLIST_FILE = CodedUI/Info.plist;
				LD_RUNPATH_SEARCH_PATHS = "$(inherited) @executable_path/Frameworks";
				PRODUCT_BUNDLE_IDENTIFIER = com.launchlabs.CodedUI;
				PRODUCT_NAME = "$(TARGET_NAME)";
			};
			name = Release;
		};
		6059E3481D6C40B7000405C4 /* Debug */ = {
			isa = XCBuildConfiguration;
			buildSettings = {
				BUNDLE_LOADER = "$(TEST_HOST)";
				INFOPLIST_FILE = CodedUITests/Info.plist;
				LD_RUNPATH_SEARCH_PATHS = "$(inherited) @executable_path/Frameworks @loader_path/Frameworks";
				PRODUCT_BUNDLE_IDENTIFIER = com.launchlabs.CodedUITests;
				PRODUCT_NAME = "$(TARGET_NAME)";
				TEST_HOST = "$(BUILT_PRODUCTS_DIR)/CodedUI.app/CodedUI";
			};
			name = Debug;
		};
		6059E3491D6C40B7000405C4 /* Release */ = {
			isa = XCBuildConfiguration;
			buildSettings = {
				BUNDLE_LOADER = "$(TEST_HOST)";
				INFOPLIST_FILE = CodedUITests/Info.plist;
				LD_RUNPATH_SEARCH_PATHS = "$(inherited) @executable_path/Frameworks @loader_path/Frameworks";
				PRODUCT_BUNDLE_IDENTIFIER = com.launchlabs.CodedUITests;
				PRODUCT_NAME = "$(TARGET_NAME)";
				TEST_HOST = "$(BUILT_PRODUCTS_DIR)/CodedUI.app/CodedUI";
			};
			name = Release;
		};
		6059E34B1D6C40B7000405C4 /* Debug */ = {
			isa = XCBuildConfiguration;
			buildSettings = {
				INFOPLIST_FILE = CodedUIUITests/Info.plist;
				LD_RUNPATH_SEARCH_PATHS = "$(inherited) @executable_path/Frameworks @loader_path/Frameworks";
				PRODUCT_BUNDLE_IDENTIFIER = com.launchlabs.CodedUIUITests;
				PRODUCT_NAME = "$(TARGET_NAME)";
				TEST_TARGET_NAME = CodedUI;
			};
			name = Debug;
		};
		6059E34C1D6C40B7000405C4 /* Release */ = {
			isa = XCBuildConfiguration;
			buildSettings = {
				INFOPLIST_FILE = CodedUIUITests/Info.plist;
				LD_RUNPATH_SEARCH_PATHS = "$(inherited) @executable_path/Frameworks @loader_path/Frameworks";
				PRODUCT_BUNDLE_IDENTIFIER = com.launchlabs.CodedUIUITests;
				PRODUCT_NAME = "$(TARGET_NAME)";
				TEST_TARGET_NAME = CodedUI;
			};
			name = Release;
		};
/* End XCBuildConfiguration section */

/* Begin XCConfigurationList section */
		6059E30F1D6C40B7000405C4 /* Build configuration list for PBXProject "CodedUI" */ = {
			isa = XCConfigurationList;
			buildConfigurations = (
				6059E3421D6C40B7000405C4 /* Debug */,
				6059E3431D6C40B7000405C4 /* Release */,
			);
			defaultConfigurationIsVisible = 0;
			defaultConfigurationName = Release;
		};
		6059E3441D6C40B7000405C4 /* Build configuration list for PBXNativeTarget "CodedUI" */ = {
			isa = XCConfigurationList;
			buildConfigurations = (
				6059E3451D6C40B7000405C4 /* Debug */,
				6059E3461D6C40B7000405C4 /* Release */,
			);
			defaultConfigurationIsVisible = 0;
			defaultConfigurationName = Release;
		};
		6059E3471D6C40B7000405C4 /* Build configuration list for PBXNativeTarget "CodedUITests" */ = {
			isa = XCConfigurationList;
			buildConfigurations = (
				6059E3481D6C40B7000405C4 /* Debug */,
				6059E3491D6C40B7000405C4 /* Release */,
			);
			defaultConfigurationIsVisible = 0;
			defaultConfigurationName = Release;
		};
		6059E34A1D6C40B7000405C4 /* Build configuration list for PBXNativeTarget "CodedUIUITests" */ = {
			isa = XCConfigurationList;
			buildConfigurations = (
				6059E34B1D6C40B7000405C4 /* Debug */,
				6059E34C1D6C40B7000405C4 /* Release */,
			);
			defaultConfigurationIsVisible = 0;
			defaultConfigurationName = Release;
		};
/* End XCConfigurationList section */

/* Begin XCVersionGroup section */
		6059E3231D6C40B7000405C4 /* CodedUI.xcdatamodeld */ = {
			isa = XCVersionGroup;
			children = (
				6059E3241D6C40B7000405C4 /* CodedUI.xcdatamodel */,
			);
			currentVersion = 6059E3241D6C40B7000405C4 /* CodedUI.xcdatamodel */;
			path = CodedUI.xcdatamodeld;
			sourceTree = "<group>";
			versionGroupType = wrapper.xcdatamodel;
		};
/* End XCVersionGroup section */
	};
	rootObject = 6059E30C1D6C40B7000405C4 /* Project object */;
}
